{
    "name": "http-with-node12",
    "lockfileVersion": 3,
    "requires": true,
    "packages": {
        "": {
            "dependencies": {
                "body": "^5.1.0",
                "formidable": "^3.5.1"
            }
        },
        "node_modules/asap": {
            "version": "2.0.6",
            "resolved": "https://registry.npmjs.org/asap/-/asap-2.0.6.tgz",
            "integrity": "sha512-BSHWgDSAiKs50o2Re8ppvp3seVHXSRM44cdSsT9FfNEUUZLOGWVCsiWaRPWM1Znn+mqZ1OfVZ3z3DWEzSp7hRA=="
        },
        "node_modules/body": {
            "version": "5.1.0",
            "resolved": "https://registry.npmjs.org/body/-/body-5.1.0.tgz",
            "integrity": "sha512-chUsBxGRtuElD6fmw1gHLpvnKdVLK302peeFa9ZqAEk8TyzZ3fygLyUEDDPTJvL9+Bor0dIwn6ePOsRM2y0zQQ==",
            "dependencies": {
                "continuable-cache": "^0.3.1",
                "error": "^7.0.0",
                "raw-body": "~1.1.0",
                "safe-json-parse": "~1.0.1"
            }
        },
        "node_modules/bytes": {
            "version": "1.0.0",
            "resolved": "https://registry.npmjs.org/bytes/-/bytes-1.0.0.tgz",
            "integrity": "sha512-/x68VkHLeTl3/Ll8IvxdwzhrT+IyKc52e/oyHhA2RwqPqswSnjVbSddfPRwAsJtbilMAPSRWwAlpxdYsSWOTKQ=="
        },
        "node_modules/continuable-cache": {
            "version": "0.3.1",
            "resolved": "https://registry.npmjs.org/continuable-cache/-/continuable-cache-0.3.1.tgz",
            "integrity": "sha512-TF30kpKhTH8AGCG3dut0rdd/19B7Z+qCnrMoBLpyQu/2drZdNrrpcjPEoJeSVsQM+8KmWG5O56oPDjSSUsuTyA=="
        },
        "node_modules/dezalgo": {
            "version": "1.0.4",
            "resolved": "https://registry.npmjs.org/dezalgo/-/dezalgo-1.0.4.tgz",
            "integrity": "sha512-rXSP0bf+5n0Qonsb+SVVfNfIsimO4HEtmnIpPHY8Q1UCzKlQrDMfdobr8nJOOsRgWCyMRqeSBQzmWUMq7zvVig==",
            "dependencies": {
                "asap": "^2.0.0",
                "wrappy": "1"
            }
        },
        "node_modules/error": {
            "version": "7.2.1",
            "resolved": "https://registry.npmjs.org/error/-/error-7.2.1.tgz",
            "integrity": "sha512-fo9HBvWnx3NGUKMvMwB/CBCMMrfEJgbDTVDEkPygA3Bdd3lM1OyCd+rbQ8BwnpF6GdVeOLDNmyL4N5Bg80ZvdA==",
            "dependencies": {
                "string-template": "~0.2.1"
            }
        },
        "node_modules/formidable": {
            "version": "3.5.1",
            "resolved": "https://registry.npmjs.org/formidable/-/formidable-3.5.1.tgz",
            "integrity": "sha512-WJWKelbRHN41m5dumb0/k8TeAx7Id/y3a+Z7QfhxP/htI9Js5zYaEDtG8uMgG0vM0lOlqnmjE99/kfpOYi/0Og==",
            "dependencies": {
                "dezalgo": "^1.0.4",
                "hexoid": "^1.0.0",
                "once": "^1.4.0"
            },
            "funding": {
                "url": "https://ko-fi.com/tunnckoCore/commissions"
            }
        },
        "node_modules/hexoid": {
            "version": "1.0.0",
            "resolved": "https://registry.npmjs.org/hexoid/-/hexoid-1.0.0.tgz",
            "integrity": "sha512-QFLV0taWQOZtvIRIAdBChesmogZrtuXvVWsFHZTk2SU+anspqZ2vMnoLg7IE1+Uk16N19APic1BuF8bC8c2m5g==",
            "engines": {
                "node": ">=8"
            }
        },
        "node_modules/once": {
            "version": "1.4.0",
            "resolved": "https://registry.npmjs.org/once/-/once-1.4.0.tgz",
            "integrity": "sha512-lNaJgI+2Q5URQBkccEKHTQOPaXdUxnZZElQTZY0MFUAuaEqe1E+Nyvgdz/aIyNi6Z9MzO5dv1H8n58/GELp3+w==",
            "dependencies": {
                "wrappy": "1"
            }
        },
        "node_modules/raw-body": {
            "version": "1.1.7",
            "resolved": "https://registry.npmjs.org/raw-body/-/raw-body-1.1.7.tgz",
            "integrity": "sha512-WmJJU2e9Y6M5UzTOkHaM7xJGAPQD8PNzx3bAd2+uhZAim6wDk6dAZxPVYLF67XhbR4hmKGh33Lpmh4XWrCH5Mg==",
            "dependencies": {
                "bytes": "1",
                "string_decoder": "0.10"
            },
            "engines": {
                "node": ">= 0.8.0"
            }
        },
        "node_modules/safe-json-parse": {
            "version": "1.0.1",
            "resolved": "https://registry.npmjs.org/safe-json-parse/-/safe-json-parse-1.0.1.tgz",
            "integrity": "sha512-o0JmTu17WGUaUOHa1l0FPGXKBfijbxK6qoHzlkihsDXxzBHvJcA7zgviKR92Xs841rX9pK16unfphLq0/KqX7A=="
        },
        "node_modules/string_decoder": {
            "version": "0.10.31",
            "resolved": "https://registry.npmjs.org/string_decoder/-/string_decoder-0.10.31.tgz",
            "integrity": "sha512-ev2QzSzWPYmy9GuqfIVildA4OdcGLeFZQrq5ys6RtiuF+RQQiZWr8TZNyAcuVXyQRYfEO+MsoB/1BuQVhOJuoQ=="
        },
        "node_modules/string-template": {
            "version": "0.2.1",
            "resolved": "https://registry.npmjs.org/string-template/-/string-template-0.2.1.tgz",
            "integrity": "sha512-Yptehjogou2xm4UJbxJ4CxgZx12HBfeystp0y3x7s4Dj32ltVVG1Gg8YhKjHZkHicuKpZX/ffilA8505VbUbpw=="
        },
        "node_modules/wrappy": {
            "version": "1.0.2",
            "resolved": "https://registry.npmjs.org/wrappy/-/wrappy-1.0.2.tgz",
            "integrity": "sha512-l4Sp/DRseor9wL6EvV2+TuQn63dMkPjZ/sp9XkghTEbV9KlPS1xUsZ3u7/IQO4wxtcFB4bgpQPRcR3QCvezPcQ=="
        }
    }
}
